
Microsoft Visual Studio Solution File, Format Version 12.00
# Visual Studio Version 17
VisualStudioVersion = 17.0.31903.59
MinimumVisualStudioVersion = 10.0.40219.1
Project("{2150E333-8FDC-42A3-9474-1A3956D46DE8}") = "Services", "Services", "{5854FF58-B8C5-05C6-5BF2-ACE42193F22B}"
EndProject
EndProject
Project("{2150E333-8FDC-42A3-9474-1A3956D46DE8}") = "Shared", "Shared", "{4F52FD11-658E-A102-6CD3-7D7C16FFA15B}"
EndProject
Project("{FAE04EC0-301F-11D3-BF4B-00C04F79EFBC}") = "Logistics.Contracts", "Shared\Logistics.Contracts\Logistics.Contracts.csproj", "{D18202A6-5587-4311-A816-EA020C3EDDB3}"
EndProject
Project("{FAE04EC0-301F-11D3-BF4B-00C04F79EFBC}") = "DriverTrackingService", "Services\DriverTrackingService\DriverTrackingService.csproj", "{A11DA9DF-3571-48A5-A4F2-FB9EB69FE417}"
EndProject
Project("{2150E333-8FDC-42A3-9474-1A3956D46DE8}") = "Simulators", "Simulators", "{F41F6DDB-AB3C-76ED-EA37-439EFA4D513D}"
EndProject
Project("{FAE04EC0-301F-11D3-BF4B-00C04F79EFBC}") = "Logistics.Simulator", "Simulators\Logistics.Simulator\Logistics.Simulator.csproj", "{49153C26-863B-4D03-A7DA-6F549B7CEA70}"
EndProject
Project("{FAE04EC0-301F-11D3-BF4B-00C04F79EFBC}") = "NotificationService", "Services\NotificationService\NotificationService.csproj", "{A37523AF-FBF1-4605-996E-2CE55CDC2D15}"
EndProject
Project("{2150E333-8FDC-42A3-9474-1A3956D46DE8}") = "Gateways", "Gateways", "{C3A202AD-EADD-4864-49DF-ED20E2971546}"
EndProject
Project("{FAE04EC0-301F-11D3-BF4B-00C04F79EFBC}") = "Logistics.Gateway", "Gateways\Logistics.Gateway\Logistics.Gateway.csproj", "{5B879A3D-C5FC-4CEE-A773-A08A8428FA08}"
EndProject
Project("{2150E333-8FDC-42A3-9474-1A3956D46DE8}") = "src", "src", "{D77DDFF2-7C3E-1BAA-07E0-86CE8B80ABB4}"
EndProject
Project("{FAE04EC0-301F-11D3-BF4B-00C04F79EFBC}") = "OrderService.Domain", "Services\OrderService\src\OrderService.Domain\OrderService.Domain.csproj", "{7422509E-E588-4676-9DD7-B7FF6252B860}"
EndProject
Project("{FAE04EC0-301F-11D3-BF4B-00C04F79EFBC}") = "OrderService.Application", "Services\OrderService\src\OrderService.Application\OrderService.Application.csproj", "{7667878E-F105-4839-9614-711F83200C3C}"
EndProject
Project("{FAE04EC0-301F-11D3-BF4B-00C04F79EFBC}") = "OrderService.Infrastructure", "Services\OrderService\src\OrderService.Infrastructure\OrderService.Infrastructure.csproj", "{8D3DFA0F-C7F4-4E77-AF76-796920AF6A9C}"
EndProject
Project("{FAE04EC0-301F-11D3-BF4B-00C04F79EFBC}") = "OrderService.API", "Services\OrderService\src\OrderService.API\OrderService.API.csproj", "{C11BFE48-A8D1-42B4-8C1A-05B14F2D2984}"
EndProject
Project("{2150E333-8FDC-42A3-9474-1A3956D46DE8}") = "tests", "tests", "{02C0908E-0A33-E7C3-2A15-D4B748F2F8B0}"
EndProject
Project("{FAE04EC0-301F-11D3-BF4B-00C04F79EFBC}") = "OrderService.Domain.Tests", "Services\OrderService\tests\OrderService.Domain.Tests\OrderService.Domain.Tests.csproj", "{044282BD-ABE8-4B90-BECF-C36145EEA79B}"
EndProject
Project("{FAE04EC0-301F-11D3-BF4B-00C04F79EFBC}") = "OrderService.Application.Tests", "Services\OrderService\tests\OrderService.Application.Tests\OrderService.Application.Tests.csproj", "{F232273F-B50D-46D2-8114-1D982FB3525F}"
EndProject
Project("{FAE04EC0-301F-11D3-BF4B-00C04F79EFBC}") = "OrderService.Integration.Tests", "Services\OrderService\tests\OrderService.Integration.Tests\OrderService.Integration.Tests.csproj", "{794B7D16-D125-4A93-90BF-9E513956CC2F}"
EndProject
Global
	GlobalSection(SolutionConfigurationPlatforms) = preSolution
		Debug|Any CPU = Debug|Any CPU
		Debug|x64 = Debug|x64
		Debug|x86 = Debug|x86
		Release|Any CPU = Release|Any CPU
		Release|x64 = Release|x64
		Release|x86 = Release|x86
	EndGlobalSection
	GlobalSection(ProjectConfigurationPlatforms) = postSolution
		{D18202A6-5587-4311-A816-EA020C3EDDB3}.Debug|Any CPU.ActiveCfg = Debug|Any CPU
		{D18202A6-5587-4311-A816-EA020C3EDDB3}.Debug|Any CPU.Build.0 = Debug|Any CPU
		{D18202A6-5587-4311-A816-EA020C3EDDB3}.Debug|x64.ActiveCfg = Debug|Any CPU
		{D18202A6-5587-4311-A816-EA020C3EDDB3}.Debug|x64.Build.0 = Debug|Any CPU
		{D18202A6-5587-4311-A816-EA020C3EDDB3}.Debug|x86.ActiveCfg = Debug|Any CPU
		{D18202A6-5587-4311-A816-EA020C3EDDB3}.Debug|x86.Build.0 = Debug|Any CPU
		{D18202A6-5587-4311-A816-EA020C3EDDB3}.Release|Any CPU.ActiveCfg = Release|Any CPU
		{D18202A6-5587-4311-A816-EA020C3EDDB3}.Release|Any CPU.Build.0 = Release|Any CPU
		{D18202A6-5587-4311-A816-EA020C3EDDB3}.Release|x64.ActiveCfg = Release|Any CPU
		{D18202A6-5587-4311-A816-EA020C3EDDB3}.Release|x64.Build.0 = Release|Any CPU
		{D18202A6-5587-4311-A816-EA020C3EDDB3}.Release|x86.ActiveCfg = Release|Any CPU
		{D18202A6-5587-4311-A816-EA020C3EDDB3}.Release|x86.Build.0 = Release|Any CPU
		{A11DA9DF-3571-48A5-A4F2-FB9EB69FE417}.Debug|Any CPU.ActiveCfg = Debug|Any CPU
		{A11DA9DF-3571-48A5-A4F2-FB9EB69FE417}.Debug|Any CPU.Build.0 = Debug|Any CPU
		{A11DA9DF-3571-48A5-A4F2-FB9EB69FE417}.Debug|x64.ActiveCfg = Debug|Any CPU
		{A11DA9DF-3571-48A5-A4F2-FB9EB69FE417}.Debug|x64.Build.0 = Debug|Any CPU
		{A11DA9DF-3571-48A5-A4F2-FB9EB69FE417}.Debug|x86.ActiveCfg = Debug|Any CPU
		{A11DA9DF-3571-48A5-A4F2-FB9EB69FE417}.Debug|x86.Build.0 = Debug|Any CPU
		{A11DA9DF-3571-48A5-A4F2-FB9EB69FE417}.Release|Any CPU.ActiveCfg = Release|Any CPU
		{A11DA9DF-3571-48A5-A4F2-FB9EB69FE417}.Release|Any CPU.Build.0 = Release|Any CPU
		{A11DA9DF-3571-48A5-A4F2-FB9EB69FE417}.Release|x64.ActiveCfg = Release|Any CPU
		{A11DA9DF-3571-48A5-A4F2-FB9EB69FE417}.Release|x64.Build.0 = Release|Any CPU
		{A11DA9DF-3571-48A5-A4F2-FB9EB69FE417}.Release|x86.ActiveCfg = Release|Any CPU
		{A11DA9DF-3571-48A5-A4F2-FB9EB69FE417}.Release|x86.Build.0 = Release|Any CPU
		{49153C26-863B-4D03-A7DA-6F549B7CEA70}.Debug|Any CPU.ActiveCfg = Debug|Any CPU
		{49153C26-863B-4D03-A7DA-6F549B7CEA70}.Debug|Any CPU.Build.0 = Debug|Any CPU
		{49153C26-863B-4D03-A7DA-6F549B7CEA70}.Debug|x64.ActiveCfg = Debug|Any CPU
		{49153C26-863B-4D03-A7DA-6F549B7CEA70}.Debug|x64.Build.0 = Debug|Any CPU
		{49153C26-863B-4D03-A7DA-6F549B7CEA70}.Debug|x86.ActiveCfg = Debug|Any CPU
		{49153C26-863B-4D03-A7DA-6F549B7CEA70}.Debug|x86.Build.0 = Debug|Any CPU
		{49153C26-863B-4D03-A7DA-6F549B7CEA70}.Release|Any CPU.ActiveCfg = Release|Any CPU
		{49153C26-863B-4D03-A7DA-6F549B7CEA70}.Release|Any CPU.Build.0 = Release|Any CPU
		{49153C26-863B-4D03-A7DA-6F549B7CEA70}.Release|x64.ActiveCfg = Release|Any CPU
		{49153C26-863B-4D03-A7DA-6F549B7CEA70}.Release|x64.Build.0 = Release|Any CPU
		{49153C26-863B-4D03-A7DA-6F549B7CEA70}.Release|x86.ActiveCfg = Release|Any CPU
		{49153C26-863B-4D03-A7DA-6F549B7CEA70}.Release|x86.Build.0 = Release|Any CPU
		{A37523AF-FBF1-4605-996E-2CE55CDC2D15}.Debug|Any CPU.ActiveCfg = Debug|Any CPU
		{A37523AF-FBF1-4605-996E-2CE55CDC2D15}.Debug|Any CPU.Build.0 = Debug|Any CPU
		{A37523AF-FBF1-4605-996E-2CE55CDC2D15}.Debug|x64.ActiveCfg = Debug|Any CPU
		{A37523AF-FBF1-4605-996E-2CE55CDC2D15}.Debug|x64.Build.0 = Debug|Any CPU
		{A37523AF-FBF1-4605-996E-2CE55CDC2D15}.Debug|x86.ActiveCfg = Debug|Any CPU
		{A37523AF-FBF1-4605-996E-2CE55CDC2D15}.Debug|x86.Build.0 = Debug|Any CPU
		{A37523AF-FBF1-4605-996E-2CE55CDC2D15}.Release|Any CPU.ActiveCfg = Release|Any CPU
		{A37523AF-FBF1-4605-996E-2CE55CDC2D15}.Release|Any CPU.Build.0 = Release|Any CPU
		{A37523AF-FBF1-4605-996E-2CE55CDC2D15}.Release|x64.ActiveCfg = Release|Any CPU
		{A37523AF-FBF1-4605-996E-2CE55CDC2D15}.Release|x64.Build.0 = Release|Any CPU
		{A37523AF-FBF1-4605-996E-2CE55CDC2D15}.Release|x86.ActiveCfg = Release|Any CPU
		{A37523AF-FBF1-4605-996E-2CE55CDC2D15}.Release|x86.Build.0 = Release|Any CPU
		{5B879A3D-C5FC-4CEE-A773-A08A8428FA08}.Debug|Any CPU.ActiveCfg = Debug|Any CPU
		{5B879A3D-C5FC-4CEE-A773-A08A8428FA08}.Debug|Any CPU.Build.0 = Debug|Any CPU
		{5B879A3D-C5FC-4CEE-A773-A08A8428FA08}.Debug|x64.ActiveCfg = Debug|Any CPU
		{5B879A3D-C5FC-4CEE-A773-A08A8428FA08}.Debug|x64.Build.0 = Debug|Any CPU
		{5B879A3D-C5FC-4CEE-A773-A08A8428FA08}.Debug|x86.ActiveCfg = Debug|Any CPU
		{5B879A3D-C5FC-4CEE-A773-A08A8428FA08}.Debug|x86.Build.0 = Debug|Any CPU
		{5B879A3D-C5FC-4CEE-A773-A08A8428FA08}.Release|Any CPU.ActiveCfg = Release|Any CPU
		{5B879A3D-C5FC-4CEE-A773-A08A8428FA08}.Release|Any CPU.Build.0 = Release|Any CPU
		{5B879A3D-C5FC-4CEE-A773-A08A8428FA08}.Release|x64.ActiveCfg = Release|Any CPU
		{5B879A3D-C5FC-4CEE-A773-A08A8428FA08}.Release|x64.Build.0 = Release|Any CPU
		{5B879A3D-C5FC-4CEE-A773-A08A8428FA08}.Release|x86.ActiveCfg = Release|Any CPU
		{5B879A3D-C5FC-4CEE-A773-A08A8428FA08}.Release|x86.Build.0 = Release|Any CPU
		{7422509E-E588-4676-9DD7-B7FF6252B860}.Debug|Any CPU.ActiveCfg = Debug|Any CPU
		{7422509E-E588-4676-9DD7-B7FF6252B860}.Debug|Any CPU.Build.0 = Debug|Any CPU
		{7422509E-E588-4676-9DD7-B7FF6252B860}.Debug|x64.ActiveCfg = Debug|Any CPU
		{7422509E-E588-4676-9DD7-B7FF6252B860}.Debug|x64.Build.0 = Debug|Any CPU
		{7422509E-E588-4676-9DD7-B7FF6252B860}.Debug|x86.ActiveCfg = Debug|Any CPU
		{7422509E-E588-4676-9DD7-B7FF6252B860}.Debug|x86.Build.0 = Debug|Any CPU
		{7422509E-E588-4676-9DD7-B7FF6252B860}.Release|Any CPU.ActiveCfg = Release|Any CPU
		{7422509E-E588-4676-9DD7-B7FF6252B860}.Release|Any CPU.Build.0 = Release|Any CPU
		{7422509E-E588-4676-9DD7-B7FF6252B860}.Release|x64.ActiveCfg = Release|Any CPU
		{7422509E-E588-4676-9DD7-B7FF6252B860}.Release|x64.Build.0 = Release|Any CPU
		{7422509E-E588-4676-9DD7-B7FF6252B860}.Release|x86.ActiveCfg = Release|Any CPU
		{7422509E-E588-4676-9DD7-B7FF6252B860}.Release|x86.Build.0 = Release|Any CPU
		{7667878E-F105-4839-9614-711F83200C3C}.Debug|Any CPU.ActiveCfg = Debug|Any CPU
		{7667878E-F105-4839-9614-711F83200C3C}.Debug|Any CPU.Build.0 = Debug|Any CPU
		{7667878E-F105-4839-9614-711F83200C3C}.Debug|x64.ActiveCfg = Debug|Any CPU
		{7667878E-F105-4839-9614-711F83200C3C}.Debug|x64.Build.0 = Debug|Any CPU
		{7667878E-F105-4839-9614-711F83200C3C}.Debug|x86.ActiveCfg = Debug|Any CPU
		{7667878E-F105-4839-9614-711F83200C3C}.Debug|x86.Build.0 = Debug|Any CPU
		{7667878E-F105-4839-9614-711F83200C3C}.Release|Any CPU.ActiveCfg = Release|Any CPU
		{7667878E-F105-4839-9614-711F83200C3C}.Release|Any CPU.Build.0 = Release|Any CPU
		{7667878E-F105-4839-9614-711F83200C3C}.Release|x64.ActiveCfg = Release|Any CPU
		{7667878E-F105-4839-9614-711F83200C3C}.Release|x64.Build.0 = Release|Any CPU
		{7667878E-F105-4839-9614-711F83200C3C}.Release|x86.ActiveCfg = Release|Any CPU
		{7667878E-F105-4839-9614-711F83200C3C}.Release|x86.Build.0 = Release|Any CPU
		{8D3DFA0F-C7F4-4E77-AF76-796920AF6A9C}.Debug|Any CPU.ActiveCfg = Debug|Any CPU
		{8D3DFA0F-C7F4-4E77-AF76-796920AF6A9C}.Debug|Any CPU.Build.0 = Debug|Any CPU
		{8D3DFA0F-C7F4-4E77-AF76-796920AF6A9C}.Debug|x64.ActiveCfg = Debug|Any CPU
		{8D3DFA0F-C7F4-4E77-AF76-796920AF6A9C}.Debug|x64.Build.0 = Debug|Any CPU
		{8D3DFA0F-C7F4-4E77-AF76-796920AF6A9C}.Debug|x86.ActiveCfg = Debug|Any CPU
		{8D3DFA0F-C7F4-4E77-AF76-796920AF6A9C}.Debug|x86.Build.0 = Debug|Any CPU
		{8D3DFA0F-C7F4-4E77-AF76-796920AF6A9C}.Release|Any CPU.ActiveCfg = Release|Any CPU
		{8D3DFA0F-C7F4-4E77-AF76-796920AF6A9C}.Release|Any CPU.Build.0 = Release|Any CPU
		{8D3DFA0F-C7F4-4E77-AF76-796920AF6A9C}.Release|x64.ActiveCfg = Release|Any CPU
		{8D3DFA0F-C7F4-4E77-AF76-796920AF6A9C}.Release|x64.Build.0 = Release|Any CPU
		{8D3DFA0F-C7F4-4E77-AF76-796920AF6A9C}.Release|x86.ActiveCfg = Release|Any CPU
		{8D3DFA0F-C7F4-4E77-AF76-796920AF6A9C}.Release|x86.Build.0 = Release|Any CPU
		{C11BFE48-A8D1-42B4-8C1A-05B14F2D2984}.Debug|Any CPU.ActiveCfg = Debug|Any CPU
		{C11BFE48-A8D1-42B4-8C1A-05B14F2D2984}.Debug|Any CPU.Build.0 = Debug|Any CPU
		{C11BFE48-A8D1-42B4-8C1A-05B14F2D2984}.Debug|x64.ActiveCfg = Debug|Any CPU
		{C11BFE48-A8D1-42B4-8C1A-05B14F2D2984}.Debug|x64.Build.0 = Debug|Any CPU
		{C11BFE48-A8D1-42B4-8C1A-05B14F2D2984}.Debug|x86.ActiveCfg = Debug|Any CPU
		{C11BFE48-A8D1-42B4-8C1A-05B14F2D2984}.Debug|x86.Build.0 = Debug|Any CPU
		{C11BFE48-A8D1-42B4-8C1A-05B14F2D2984}.Release|Any CPU.ActiveCfg = Release|Any CPU
		{C11BFE48-A8D1-42B4-8C1A-05B14F2D2984}.Release|Any CPU.Build.0 = Release|Any CPU
		{C11BFE48-A8D1-42B4-8C1A-05B14F2D2984}.Release|x64.ActiveCfg = Release|Any CPU
		{C11BFE48-A8D1-42B4-8C1A-05B14F2D2984}.Release|x64.Build.0 = Release|Any CPU
		{C11BFE48-A8D1-42B4-8C1A-05B14F2D2984}.Release|x86.ActiveCfg = Release|Any CPU
		{C11BFE48-A8D1-42B4-8C1A-05B14F2D2984}.Release|x86.Build.0 = Release|Any CPU
		{044282BD-ABE8-4B90-BECF-C36145EEA79B}.Debug|Any CPU.ActiveCfg = Debug|Any CPU
		{044282BD-ABE8-4B90-BECF-C36145EEA79B}.Debug|Any CPU.Build.0 = Debug|Any CPU
		{044282BD-ABE8-4B90-BECF-C36145EEA79B}.Debug|x64.ActiveCfg = Debug|Any CPU
		{044282BD-ABE8-4B90-BECF-C36145EEA79B}.Debug|x64.Build.0 = Debug|Any CPU
		{044282BD-ABE8-4B90-BECF-C36145EEA79B}.Debug|x86.ActiveCfg = Debug|Any CPU
		{044282BD-ABE8-4B90-BECF-C36145EEA79B}.Debug|x86.Build.0 = Debug|Any CPU
		{044282BD-ABE8-4B90-BECF-C36145EEA79B}.Release|Any CPU.ActiveCfg = Release|Any CPU
		{044282BD-ABE8-4B90-BECF-C36145EEA79B}.Release|Any CPU.Build.0 = Release|Any CPU
		{044282BD-ABE8-4B90-BECF-C36145EEA79B}.Release|x64.ActiveCfg = Release|Any CPU
		{044282BD-ABE8-4B90-BECF-C36145EEA79B}.Release|x64.Build.0 = Release|Any CPU
		{044282BD-ABE8-4B90-BECF-C36145EEA79B}.Release|x86.ActiveCfg = Release|Any CPU
		{044282BD-ABE8-4B90-BECF-C36145EEA79B}.Release|x86.Build.0 = Release|Any CPU
		{F232273F-B50D-46D2-8114-1D982FB3525F}.Debug|Any CPU.ActiveCfg = Debug|Any CPU
		{F232273F-B50D-46D2-8114-1D982FB3525F}.Debug|Any CPU.Build.0 = Debug|Any CPU
		{F232273F-B50D-46D2-8114-1D982FB3525F}.Debug|x64.ActiveCfg = Debug|Any CPU
		{F232273F-B50D-46D2-8114-1D982FB3525F}.Debug|x64.Build.0 = Debug|Any CPU
		{F232273F-B50D-46D2-8114-1D982FB3525F}.Debug|x86.ActiveCfg = Debug|Any CPU
		{F232273F-B50D-46D2-8114-1D982FB3525F}.Debug|x86.Build.0 = Debug|Any CPU
		{F232273F-B50D-46D2-8114-1D982FB3525F}.Release|Any CPU.ActiveCfg = Release|Any CPU
		{F232273F-B50D-46D2-8114-1D982FB3525F}.Release|Any CPU.Build.0 = Release|Any CPU
		{F232273F-B50D-46D2-8114-1D982FB3525F}.Release|x64.ActiveCfg = Release|Any CPU
		{F232273F-B50D-46D2-8114-1D982FB3525F}.Release|x64.Build.0 = Release|Any CPU
		{F232273F-B50D-46D2-8114-1D982FB3525F}.Release|x86.ActiveCfg = Release|Any CPU
		{F232273F-B50D-46D2-8114-1D982FB3525F}.Release|x86.Build.0 = Release|Any CPU
		{794B7D16-D125-4A93-90BF-9E513956CC2F}.Debug|Any CPU.ActiveCfg = Debug|Any CPU
		{794B7D16-D125-4A93-90BF-9E513956CC2F}.Debug|Any CPU.Build.0 = Debug|Any CPU
		{794B7D16-D125-4A93-90BF-9E513956CC2F}.Debug|x64.ActiveCfg = Debug|Any CPU
		{794B7D16-D125-4A93-90BF-9E513956CC2F}.Debug|x64.Build.0 = Debug|Any CPU
		{794B7D16-D125-4A93-90BF-9E513956CC2F}.Debug|x86.ActiveCfg = Debug|Any CPU
		{794B7D16-D125-4A93-90BF-9E513956CC2F}.Debug|x86.Build.0 = Debug|Any CPU
		{794B7D16-D125-4A93-90BF-9E513956CC2F}.Release|Any CPU.ActiveCfg = Release|Any CPU
		{794B7D16-D125-4A93-90BF-9E513956CC2F}.Release|Any CPU.Build.0 = Release|Any CPU
		{794B7D16-D125-4A93-90BF-9E513956CC2F}.Release|x64.ActiveCfg = Release|Any CPU
		{794B7D16-D125-4A93-90BF-9E513956CC2F}.Release|x64.Build.0 = Release|Any CPU
		{794B7D16-D125-4A93-90BF-9E513956CC2F}.Release|x86.ActiveCfg = Release|Any CPU
		{794B7D16-D125-4A93-90BF-9E513956CC2F}.Release|x86.Build.0 = Release|Any CPU
	EndGlobalSection
	GlobalSection(SolutionProperties) = preSolution
		HideSolutionNode = FALSE
	EndGlobalSection
	GlobalSection(NestedProjects) = preSolution
		{D18202A6-5587-4311-A816-EA020C3EDDB3} = {4F52FD11-658E-A102-6CD3-7D7C16FFA15B}
		{A11DA9DF-3571-48A5-A4F2-FB9EB69FE417} = {5854FF58-B8C5-05C6-5BF2-ACE42193F22B}
		{49153C26-863B-4D03-A7DA-6F549B7CEA70} = {F41F6DDB-AB3C-76ED-EA37-439EFA4D513D}
		{A37523AF-FBF1-4605-996E-2CE55CDC2D15} = {5854FF58-B8C5-05C6-5BF2-ACE42193F22B}
		{5B879A3D-C5FC-4CEE-A773-A08A8428FA08} = {C3A202AD-EADD-4864-49DF-ED20E2971546}
		{7422509E-E588-4676-9DD7-B7FF6252B860} = {D77DDFF2-7C3E-1BAA-07E0-86CE8B80ABB4}
		{7667878E-F105-4839-9614-711F83200C3C} = {D77DDFF2-7C3E-1BAA-07E0-86CE8B80ABB4}
		{8D3DFA0F-C7F4-4E77-AF76-796920AF6A9C} = {D77DDFF2-7C3E-1BAA-07E0-86CE8B80ABB4}
		{C11BFE48-A8D1-42B4-8C1A-05B14F2D2984} = {D77DDFF2-7C3E-1BAA-07E0-86CE8B80ABB4}
		{044282BD-ABE8-4B90-BECF-C36145EEA79B} = {02C0908E-0A33-E7C3-2A15-D4B748F2F8B0}
		{F232273F-B50D-46D2-8114-1D982FB3525F} = {02C0908E-0A33-E7C3-2A15-D4B748F2F8B0}
		{794B7D16-D125-4A93-90BF-9E513956CC2F} = {02C0908E-0A33-E7C3-2A15-D4B748F2F8B0}
	EndGlobalSection
EndGlobal
