
Microsoft Visual Studio Solution File, Format Version 12.00
# Visual Studio Version 17
VisualStudioVersion = 17.0.31903.59
MinimumVisualStudioVersion = 10.0.40219.1
Project("{2150E333-8FDC-42A3-9474-1A3956D46DE8}") = "Services", "Services", "{5854FF58-B8C5-05C6-5BF2-ACE42193F22B}"
EndProject
Project("{FAE04EC0-301F-11D3-BF4B-00C04F79EFBC}") = "OrderService", "Services\OrderService\OrderService.csproj", "{07125956-A6F8-41B8-9BD0-748CE04BF807}"
EndProject
Project("{2150E333-8FDC-42A3-9474-1A3956D46DE8}") = "Shared", "Shared", "{4F52FD11-658E-A102-6CD3-7D7C16FFA15B}"
EndProject
Project("{FAE04EC0-301F-11D3-BF4B-00C04F79EFBC}") = "Logistics.Contracts", "Shared\Logistics.Contracts\Logistics.Contracts.csproj", "{D18202A6-5587-4311-A816-EA020C3EDDB3}"
EndProject
Project("{FAE04EC0-301F-11D3-BF4B-00C04F79EFBC}") = "DriverTrackingService", "Services\DriverTrackingService\DriverTrackingService.csproj", "{A11DA9DF-3571-48A5-A4F2-FB9EB69FE417}"
EndProject
Project("{2150E333-8FDC-42A3-9474-1A3956D46DE8}") = "Simulators", "Simulators", "{F41F6DDB-AB3C-76ED-EA37-439EFA4D513D}"
EndProject
Project("{FAE04EC0-301F-11D3-BF4B-00C04F79EFBC}") = "Logistics.Simulator", "Simulators\Logistics.Simulator\Logistics.Simulator.csproj", "{49153C26-863B-4D03-A7DA-6F549B7CEA70}"
EndProject
Project("{FAE04EC0-301F-11D3-BF4B-00C04F79EFBC}") = "NotificationService", "Services\NotificationService\NotificationService.csproj", "{A37523AF-FBF1-4605-996E-2CE55CDC2D15}"
EndProject
Project("{2150E333-8FDC-42A3-9474-1A3956D46DE8}") = "Gateways", "Gateways", "{C3A202AD-EADD-4864-49DF-ED20E2971546}"
EndProject
Project("{FAE04EC0-301F-11D3-BF4B-00C04F79EFBC}") = "Logistics.Gateway", "Gateways\Logistics.Gateway\Logistics.Gateway.csproj", "{5B879A3D-C5FC-4CEE-A773-A08A8428FA08}"
EndProject
Global
	GlobalSection(SolutionConfigurationPlatforms) = preSolution
		Debug|Any CPU = Debug|Any CPU
		Debug|x64 = Debug|x64
		Debug|x86 = Debug|x86
		Release|Any CPU = Release|Any CPU
		Release|x64 = Release|x64
		Release|x86 = Release|x86
	EndGlobalSection
	GlobalSection(ProjectConfigurationPlatforms) = postSolution
		{07125956-A6F8-41B8-9BD0-748CE04BF807}.Debug|Any CPU.ActiveCfg = Debug|Any CPU
		{07125956-A6F8-41B8-9BD0-748CE04BF807}.Debug|Any CPU.Build.0 = Debug|Any CPU
		{07125956-A6F8-41B8-9BD0-748CE04BF807}.Debug|x64.ActiveCfg = Debug|Any CPU
		{07125956-A6F8-41B8-9BD0-748CE04BF807}.Debug|x64.Build.0 = Debug|Any CPU
		{07125956-A6F8-41B8-9BD0-748CE04BF807}.Debug|x86.ActiveCfg = Debug|Any CPU
		{07125956-A6F8-41B8-9BD0-748CE04BF807}.Debug|x86.Build.0 = Debug|Any CPU
		{07125956-A6F8-41B8-9BD0-748CE04BF807}.Release|Any CPU.ActiveCfg = Release|Any CPU
		{07125956-A6F8-41B8-9BD0-748CE04BF807}.Release|Any CPU.Build.0 = Release|Any CPU
		{07125956-A6F8-41B8-9BD0-748CE04BF807}.Release|x64.ActiveCfg = Release|Any CPU
		{07125956-A6F8-41B8-9BD0-748CE04BF807}.Release|x64.Build.0 = Release|Any CPU
		{07125956-A6F8-41B8-9BD0-748CE04BF807}.Release|x86.ActiveCfg = Release|Any CPU
		{07125956-A6F8-41B8-9BD0-748CE04BF807}.Release|x86.Build.0 = Release|Any CPU
		{D18202A6-5587-4311-A816-EA020C3EDDB3}.Debug|Any CPU.ActiveCfg = Debug|Any CPU
		{D18202A6-5587-4311-A816-EA020C3EDDB3}.Debug|Any CPU.Build.0 = Debug|Any CPU
		{D18202A6-5587-4311-A816-EA020C3EDDB3}.Debug|x64.ActiveCfg = Debug|Any CPU
		{D18202A6-5587-4311-A816-EA020C3EDDB3}.Debug|x64.Build.0 = Debug|Any CPU
		{D18202A6-5587-4311-A816-EA020C3EDDB3}.Debug|x86.ActiveCfg = Debug|Any CPU
		{D18202A6-5587-4311-A816-EA020C3EDDB3}.Debug|x86.Build.0 = Debug|Any CPU
		{D18202A6-5587-4311-A816-EA020C3EDDB3}.Release|Any CPU.ActiveCfg = Release|Any CPU
		{D18202A6-5587-4311-A816-EA020C3EDDB3}.Release|Any CPU.Build.0 = Release|Any CPU
		{D18202A6-5587-4311-A816-EA020C3EDDB3}.Release|x64.ActiveCfg = Release|Any CPU
		{D18202A6-5587-4311-A816-EA020C3EDDB3}.Release|x64.Build.0 = Release|Any CPU
		{D18202A6-5587-4311-A816-EA020C3EDDB3}.Release|x86.ActiveCfg = Release|Any CPU
		{D18202A6-5587-4311-A816-EA020C3EDDB3}.Release|x86.Build.0 = Release|Any CPU
		{A11DA9DF-3571-48A5-A4F2-FB9EB69FE417}.Debug|Any CPU.ActiveCfg = Debug|Any CPU
		{A11DA9DF-3571-48A5-A4F2-FB9EB69FE417}.Debug|Any CPU.Build.0 = Debug|Any CPU
		{A11DA9DF-3571-48A5-A4F2-FB9EB69FE417}.Debug|x64.ActiveCfg = Debug|Any CPU
		{A11DA9DF-3571-48A5-A4F2-FB9EB69FE417}.Debug|x64.Build.0 = Debug|Any CPU
		{A11DA9DF-3571-48A5-A4F2-FB9EB69FE417}.Debug|x86.ActiveCfg = Debug|Any CPU
		{A11DA9DF-3571-48A5-A4F2-FB9EB69FE417}.Debug|x86.Build.0 = Debug|Any CPU
		{A11DA9DF-3571-48A5-A4F2-FB9EB69FE417}.Release|Any CPU.ActiveCfg = Release|Any CPU
		{A11DA9DF-3571-48A5-A4F2-FB9EB69FE417}.Release|Any CPU.Build.0 = Release|Any CPU
		{A11DA9DF-3571-48A5-A4F2-FB9EB69FE417}.Release|x64.ActiveCfg = Release|Any CPU
		{A11DA9DF-3571-48A5-A4F2-FB9EB69FE417}.Release|x64.Build.0 = Release|Any CPU
		{A11DA9DF-3571-48A5-A4F2-FB9EB69FE417}.Release|x86.ActiveCfg = Release|Any CPU
		{A11DA9DF-3571-48A5-A4F2-FB9EB69FE417}.Release|x86.Build.0 = Release|Any CPU
		{49153C26-863B-4D03-A7DA-6F549B7CEA70}.Debug|Any CPU.ActiveCfg = Debug|Any CPU
		{49153C26-863B-4D03-A7DA-6F549B7CEA70}.Debug|Any CPU.Build.0 = Debug|Any CPU
		{49153C26-863B-4D03-A7DA-6F549B7CEA70}.Debug|x64.ActiveCfg = Debug|Any CPU
		{49153C26-863B-4D03-A7DA-6F549B7CEA70}.Debug|x64.Build.0 = Debug|Any CPU
		{49153C26-863B-4D03-A7DA-6F549B7CEA70}.Debug|x86.ActiveCfg = Debug|Any CPU
		{49153C26-863B-4D03-A7DA-6F549B7CEA70}.Debug|x86.Build.0 = Debug|Any CPU
		{49153C26-863B-4D03-A7DA-6F549B7CEA70}.Release|Any CPU.ActiveCfg = Release|Any CPU
		{49153C26-863B-4D03-A7DA-6F549B7CEA70}.Release|Any CPU.Build.0 = Release|Any CPU
		{49153C26-863B-4D03-A7DA-6F549B7CEA70}.Release|x64.ActiveCfg = Release|Any CPU
		{49153C26-863B-4D03-A7DA-6F549B7CEA70}.Release|x64.Build.0 = Release|Any CPU
		{49153C26-863B-4D03-A7DA-6F549B7CEA70}.Release|x86.ActiveCfg = Release|Any CPU
		{49153C26-863B-4D03-A7DA-6F549B7CEA70}.Release|x86.Build.0 = Release|Any CPU
		{A37523AF-FBF1-4605-996E-2CE55CDC2D15}.Debug|Any CPU.ActiveCfg = Debug|Any CPU
		{A37523AF-FBF1-4605-996E-2CE55CDC2D15}.Debug|Any CPU.Build.0 = Debug|Any CPU
		{A37523AF-FBF1-4605-996E-2CE55CDC2D15}.Debug|x64.ActiveCfg = Debug|Any CPU
		{A37523AF-FBF1-4605-996E-2CE55CDC2D15}.Debug|x64.Build.0 = Debug|Any CPU
		{A37523AF-FBF1-4605-996E-2CE55CDC2D15}.Debug|x86.ActiveCfg = Debug|Any CPU
		{A37523AF-FBF1-4605-996E-2CE55CDC2D15}.Debug|x86.Build.0 = Debug|Any CPU
		{A37523AF-FBF1-4605-996E-2CE55CDC2D15}.Release|Any CPU.ActiveCfg = Release|Any CPU
		{A37523AF-FBF1-4605-996E-2CE55CDC2D15}.Release|Any CPU.Build.0 = Release|Any CPU
		{A37523AF-FBF1-4605-996E-2CE55CDC2D15}.Release|x64.ActiveCfg = Release|Any CPU
		{A37523AF-FBF1-4605-996E-2CE55CDC2D15}.Release|x64.Build.0 = Release|Any CPU
		{A37523AF-FBF1-4605-996E-2CE55CDC2D15}.Release|x86.ActiveCfg = Release|Any CPU
		{A37523AF-FBF1-4605-996E-2CE55CDC2D15}.Release|x86.Build.0 = Release|Any CPU
		{5B879A3D-C5FC-4CEE-A773-A08A8428FA08}.Debug|Any CPU.ActiveCfg = Debug|Any CPU
		{5B879A3D-C5FC-4CEE-A773-A08A8428FA08}.Debug|Any CPU.Build.0 = Debug|Any CPU
		{5B879A3D-C5FC-4CEE-A773-A08A8428FA08}.Debug|x64.ActiveCfg = Debug|Any CPU
		{5B879A3D-C5FC-4CEE-A773-A08A8428FA08}.Debug|x64.Build.0 = Debug|Any CPU
		{5B879A3D-C5FC-4CEE-A773-A08A8428FA08}.Debug|x86.ActiveCfg = Debug|Any CPU
		{5B879A3D-C5FC-4CEE-A773-A08A8428FA08}.Debug|x86.Build.0 = Debug|Any CPU
		{5B879A3D-C5FC-4CEE-A773-A08A8428FA08}.Release|Any CPU.ActiveCfg = Release|Any CPU
		{5B879A3D-C5FC-4CEE-A773-A08A8428FA08}.Release|Any CPU.Build.0 = Release|Any CPU
		{5B879A3D-C5FC-4CEE-A773-A08A8428FA08}.Release|x64.ActiveCfg = Release|Any CPU
		{5B879A3D-C5FC-4CEE-A773-A08A8428FA08}.Release|x64.Build.0 = Release|Any CPU
		{5B879A3D-C5FC-4CEE-A773-A08A8428FA08}.Release|x86.ActiveCfg = Release|Any CPU
		{5B879A3D-C5FC-4CEE-A773-A08A8428FA08}.Release|x86.Build.0 = Release|Any CPU
	EndGlobalSection
	GlobalSection(SolutionProperties) = preSolution
		HideSolutionNode = FALSE
	EndGlobalSection
	GlobalSection(NestedProjects) = preSolution
		{07125956-A6F8-41B8-9BD0-748CE04BF807} = {5854FF58-B8C5-05C6-5BF2-ACE42193F22B}
		{D18202A6-5587-4311-A816-EA020C3EDDB3} = {4F52FD11-658E-A102-6CD3-7D7C16FFA15B}
		{A11DA9DF-3571-48A5-A4F2-FB9EB69FE417} = {5854FF58-B8C5-05C6-5BF2-ACE42193F22B}
		{49153C26-863B-4D03-A7DA-6F549B7CEA70} = {F41F6DDB-AB3C-76ED-EA37-439EFA4D513D}
		{A37523AF-FBF1-4605-996E-2CE55CDC2D15} = {5854FF58-B8C5-05C6-5BF2-ACE42193F22B}
		{5B879A3D-C5FC-4CEE-A773-A08A8428FA08} = {C3A202AD-EADD-4864-49DF-ED20E2971546}
	EndGlobalSection
EndGlobal
